
Microsoft Visual Studio Solution File, Format Version 12.00
# Visual Studio 15
VisualStudioVersion = 15.0.27703.2042
MinimumVisualStudioVersion = 10.0.40219.1
Project("{FAE04EC0-301F-11D3-BF4B-00C04F79EFBC}") = "NetCoreApp", "NetCoreApp\NetCoreApp.csproj", "{0CE35B46-BE06-4C76-ABF7-07EE13648C99}"
EndProject
Global
	GlobalSection(SolutionConfigurationPlatforms) = preSolution
		Debug|Any CPU = Debug|Any CPU
		Release|Any CPU = Release|Any CPU
	EndGlobalSection
	GlobalSection(ProjectConfigurationPlatforms) = postSolution
		{0CE35B46-BE06-4C76-ABF7-07EE13648C99}.Debug|Any CPU.ActiveCfg = Debug|Any CPU
		{0CE35B46-BE06-4C76-ABF7-07EE13648C99}.Debug|Any CPU.Build.0 = Debug|Any CPU
		{0CE35B46-BE06-4C76-ABF7-07EE13648C99}.Release|Any CPU.ActiveCfg = Release|Any CPU
		{0CE35B46-BE06-4C76-ABF7-07EE13648C99}.Release|Any CPU.Build.0 = Release|Any CPU
	EndGlobalSection
	GlobalSection(SolutionProperties) = preSolution
		HideSolutionNode = FALSE
	EndGlobalSection
	GlobalSection(ExtensibilityGlobals) = postSolution
		SolutionGuid = {98C1BACD-64A2-449B-9ADC-AAA8B30B8159}
	EndGlobalSection
EndGlobal
